Microsoft Visual Studio Solution File, Format Version 12.00
# Visual Studio 2012
Project("{FAE04EC0-301F-11D3-BF4B-00C04F79EFBC}") = "Game", "Game.csproj", "{FBF2CBB0-9933-4E5F-BA50-B73B49C1952A}"
EndProject
Global
	GlobalSection(SolutionConfigurationPlatforms) = preSolution
	Debug|Any CPU = Debug|Any CPU
	ExportDebug|Any CPU = ExportDebug|Any CPU
	ExportRelease|Any CPU = ExportRelease|Any CPU
	EndGlobalSection
	GlobalSection(ProjectConfigurationPlatforms) = postSolution
		{FBF2CBB0-9933-4E5F-BA50-B73B49C1952A}.Debug|Any CPU.ActiveCfg = Debug|Any CPU
		{FBF2CBB0-9933-4E5F-BA50-B73B49C1952A}.Debug|Any CPU.Build.0 = Debug|Any CPU
		{FBF2CBB0-9933-4E5F-BA50-B73B49C1952A}.ExportDebug|Any CPU.ActiveCfg = ExportDebug|Any CPU
		{FBF2CBB0-9933-4E5F-BA50-B73B49C1952A}.ExportDebug|Any CPU.Build.0 = ExportDebug|Any CPU
		{FBF2CBB0-9933-4E5F-BA50-B73B49C1952A}.ExportRelease|Any CPU.ActiveCfg = ExportRelease|Any CPU
		{FBF2CBB0-9933-4E5F-BA50-B73B49C1952A}.ExportRelease|Any CPU.Build.0 = ExportRelease|Any CPU
	EndGlobalSection
EndGlobal
